// !$*UTF8*$!
{
	archiveVersion = 1;
	classes = {
	};
	objectVersion = 46;
	objects = {

/* Begin PBXBuildFile section */
		CE29B1371EF6F376005651B3 /* ManagedObject.swift in Sources */ = {isa = PBXBuildFile; fileRef = CE29B1361EF6F376005651B3 /* ManagedObject.swift */; };
		CE9F0F4F1EF6B0200060E695 /* ManagedObjectSerializable.framework in Frameworks */ = {isa = PBXBuildFile; fileRef = CE9F0F451EF6B0200060E695 /* ManagedObjectSerializable.framework */; };
		CE9F0F541EF6B0200060E695 /* ManagedObjectSerializableTests.swift in Sources */ = {isa = PBXBuildFile; fileRef = CE9F0F531EF6B0200060E695 /* ManagedObjectSerializableTests.swift */; };
		CE9F0F561EF6B0200060E695 /* ManagedObjectSerializable.h in Headers */ = {isa = PBXBuildFile; fileRef = CE9F0F481EF6B0200060E695 /* ManagedObjectSerializable.h */; settings = {ATTRIBUTES = (Public, ); }; };
		CE9F0F601EF6B0350060E695 /* ManagedObjectSerializable.swift in Sources */ = {isa = PBXBuildFile; fileRef = CE9F0F5F1EF6B0350060E695 /* ManagedObjectSerializable.swift */; };
/* End PBXBuildFile section */

/* Begin PBXContainerItemProxy section */
		CE9F0F501EF6B0200060E695 /* PBXContainerItemProxy */ = {
			isa = PBXContainerItemProxy;
			containerPortal = CE9F0F3C1EF6B0200060E695 /* Project object */;
			proxyType = 1;
			remoteGlobalIDString = CE9F0F441EF6B0200060E695;
			remoteInfo = ManagedObjectSerializable;
		};
/* End PBXContainerItemProxy section */

/* Begin PBXFileReference section */
		CE29B1361EF6F376005651B3 /* ManagedObject.swift */ = {isa = PBXFileReference; lastKnownFileType = sourcecode.swift; path = ManagedObject.swift; sourceTree = "<group>"; };
		CE9F0F451EF6B0200060E695 /* ManagedObjectSerializable.framework */ = {isa = PBXFileReference; explicitFileType = wrapper.framework; includeInIndex = 0; path = ManagedObjectSerializable.framework; sourceTree = BUILT_PRODUCTS_DIR; };
		CE9F0F481EF6B0200060E695 /* ManagedObjectSerializable.h */ = {isa = PBXFileReference; lastKnownFileType = sourcecode.c.h; path = ManagedObjectSerializable.h; sourceTree = "<group>"; };
		CE9F0F491EF6B0200060E695 /* Info.plist */ = {isa = PBXFileReference; lastKnownFileType = text.plist.xml; path = Info.plist; sourceTree = "<group>"; };
		CE9F0F4E1EF6B0200060E695 /* ManagedObjectSerializableTests.xctest */ = {isa = PBXFileReference; explicitFileType = wrapper.cfbundle; includeInIndex = 0; path = ManagedObjectSerializableTests.xctest; sourceTree = BUILT_PRODUCTS_DIR; };
		CE9F0F531EF6B0200060E695 /* ManagedObjectSerializableTests.swift */ = {isa = PBXFileReference; lastKnownFileType = sourcecode.swift; path = ManagedObjectSerializableTests.swift; sourceTree = "<group>"; };
		CE9F0F551EF6B0200060E695 /* Info.plist */ = {isa = PBXFileReference; lastKnownFileType = text.plist.xml; path = Info.plist; sourceTree = "<group>"; };
		CE9F0F5F1EF6B0350060E695 /* ManagedObjectSerializable.swift */ = {isa = PBXFileReference; fileEncoding = 4; lastKnownFileType = sourcecode.swift; path = ManagedObjectSerializable.swift; sourceTree = "<group>"; };
/* End PBXFileReference section */

/* Begin PBXFrameworksBuildPhase section */
		CE9F0F411EF6B0200060E695 /* Frameworks */ = {
			isa = PBXFrameworksBuildPhase;
			buildActionMask = 2147483647;
			files = (
			);
			runOnlyForDeploymentPostprocessing = 0;
		};
		CE9F0F4B1EF6B0200060E695 /* Frameworks */ = {
			isa = PBXFrameworksBuildPhase;
			buildActionMask = 2147483647;
			files = (
				CE9F0F4F1EF6B0200060E695 /* ManagedObjectSerializable.framework in Frameworks */,
			);
			runOnlyForDeploymentPostprocessing = 0;
		};
/* End PBXFrameworksBuildPhase section */

/* Begin PBXGroup section */
		CE9F0F3B1EF6B0200060E695 = {
			isa = PBXGroup;
			children = (
				CE9F0F471EF6B0200060E695 /* ManagedObjectSerializable */,
				CE9F0F521EF6B0200060E695 /* ManagedObjectSerializableTests */,
				CE9F0F461EF6B0200060E695 /* Products */,
			);
			sourceTree = "<group>";
		};
		CE9F0F461EF6B0200060E695 /* Products */ = {
			isa = PBXGroup;
			children = (
				CE9F0F451EF6B0200060E695 /* ManagedObjectSerializable.framework */,
				CE9F0F4E1EF6B0200060E695 /* ManagedObjectSerializableTests.xctest */,
			);
			name = Products;
			sourceTree = "<group>";
		};
		CE9F0F471EF6B0200060E695 /* ManagedObjectSerializable */ = {
			isa = PBXGroup;
			children = (
				CE9F0F481EF6B0200060E695 /* ManagedObjectSerializable.h */,
				CE9F0F5F1EF6B0350060E695 /* ManagedObjectSerializable.swift */,
				CE29B1361EF6F376005651B3 /* ManagedObject.swift */,
				CE9F0F491EF6B0200060E695 /* Info.plist */,
			);
			path = ManagedObjectSerializable;
			sourceTree = "<group>";
		};
		CE9F0F521EF6B0200060E695 /* ManagedObjectSerializableTests */ = {
			isa = PBXGroup;
			children = (
				CE9F0F531EF6B0200060E695 /* ManagedObjectSerializableTests.swift */,
				CE9F0F551EF6B0200060E695 /* Info.plist */,
			);
			path = ManagedObjectSerializableTests;
			sourceTree = "<group>";
		};
/* End PBXGroup section */

/* Begin PBXHeadersBuildPhase section */
		CE9F0F421EF6B0200060E695 /* Headers */ = {
			isa = PBXHeadersBuildPhase;
			buildActionMask = 2147483647;
			files = (
				CE9F0F561EF6B0200060E695 /* ManagedObjectSerializable.h in Headers */,
			);
			runOnlyForDeploymentPostprocessing = 0;
		};
/* End PBXHeadersBuildPhase section */

/* Begin PBXNativeTarget section */
		CE9F0F441EF6B0200060E695 /* ManagedObjectSerializable */ = {
			isa = PBXNativeTarget;
			buildConfigurationList = CE9F0F591EF6B0200060E695 /* Build configuration list for PBXNativeTarget "ManagedObjectSerializable" */;
			buildPhases = (
				CE9F0F401EF6B0200060E695 /* Sources */,
				CE9F0F411EF6B0200060E695 /* Frameworks */,
				CE9F0F421EF6B0200060E695 /* Headers */,
				CE9F0F431EF6B0200060E695 /* Resources */,
			);
			buildRules = (
			);
			dependencies = (
			);
			name = ManagedObjectSerializable;
			productName = ManagedObjectSerializable;
			productReference = CE9F0F451EF6B0200060E695 /* ManagedObjectSerializable.framework */;
			productType = "com.apple.product-type.framework";
		};
		CE9F0F4D1EF6B0200060E695 /* ManagedObjectSerializableTests */ = {
			isa = PBXNativeTarget;
			buildConfigurationList = CE9F0F5C1EF6B0200060E695 /* Build configuration list for PBXNativeTarget "ManagedObjectSerializableTests" */;
			buildPhases = (
				CE9F0F4A1EF6B0200060E695 /* Sources */,
				CE9F0F4B1EF6B0200060E695 /* Frameworks */,
				CE9F0F4C1EF6B0200060E695 /* Resources */,
			);
			buildRules = (
			);
			dependencies = (
				CE9F0F511EF6B0200060E695 /* PBXTargetDependency */,
			);
			name = ManagedObjectSerializableTests;
			productName = ManagedObjectSerializableTests;
			productReference = CE9F0F4E1EF6B0200060E695 /* ManagedObjectSerializableTests.xctest */;
			productType = "com.apple.product-type.bundle.unit-test";
		};
/* End PBXNativeTarget section */

/* Begin PBXProject section */
		CE9F0F3C1EF6B0200060E695 /* Project object */ = {
			isa = PBXProject;
			attributes = {
				LastSwiftUpdateCheck = 0830;
				LastUpgradeCheck = 0830;
				ORGANIZATIONNAME = "Vincenzo Masciarelli";
				TargetAttributes = {
					CE9F0F441EF6B0200060E695 = {
						CreatedOnToolsVersion = 8.3.3;
						DevelopmentTeam = B84DMZ24UN;
						LastSwiftMigration = 0830;
						ProvisioningStyle = Automatic;
					};
					CE9F0F4D1EF6B0200060E695 = {
						CreatedOnToolsVersion = 8.3.3;
						DevelopmentTeam = B84DMZ24UN;
						ProvisioningStyle = Automatic;
					};
				};
			};
			buildConfigurationList = CE9F0F3F1EF6B0200060E695 /* Build configuration list for PBXProject "ManagedObjectSerializable" */;
			compatibilityVersion = "Xcode 3.2";
			developmentRegion = English;
			hasScannedForEncodings = 0;
			knownRegions = (
				en,
			);
			mainGroup = CE9F0F3B1EF6B0200060E695;
			productRefGroup = CE9F0F461EF6B0200060E695 /* Products */;
			projectDirPath = "";
			projectRoot = "";
			targets = (
				CE9F0F441EF6B0200060E695 /* ManagedObjectSerializable */,
				CE9F0F4D1EF6B0200060E695 /* ManagedObjectSerializableTests */,
			);
		};
/* End PBXProject section */

/* Begin PBXResourcesBuildPhase section */
		CE9F0F431EF6B0200060E695 /* Resources */ = {
			isa = PBXResourcesBuildPhase;
			buildActionMask = 2147483647;
			files = (
			);
			runOnlyForDeploymentPostprocessing = 0;
		};
		CE9F0F4C1EF6B0200060E695 /* Resources */ = {
			isa = PBXResourcesBuildPhase;
			buildActionMask = 2147483647;
			files = (
			);
			runOnlyForDeploymentPostprocessing = 0;
		};
/* End PBXResourcesBuildPhase section */

/* Begin PBXSourcesBuildPhase section */
		CE9F0F401EF6B0200060E695 /* Sources */ = {
			isa = PBXSourcesBuildPhase;
			buildActionMask = 2147483647;
			files = (
				CE29B1371EF6F376005651B3 /* ManagedObject.swift in Sources */,
				CE9F0F601EF6B0350060E695 /* ManagedObjectSerializable.swift in Sources */,
			);
			runOnlyForDeploymentPostprocessing = 0;
		};
		CE9F0F4A1EF6B0200060E695 /* Sources */ = {
			isa = PBXSourcesBuildPhase;
			buildActionMask = 2147483647;
			files = (
				CE9F0F541EF6B0200060E695 /* ManagedObjectSerializableTests.swift in Sources */,
			);
			runOnlyForDeploymentPostprocessing = 0;
		};
/* End PBXSourcesBuildPhase section */

/* Begin PBXTargetDependency section */
		CE9F0F511EF6B0200060E695 /* PBXTargetDependency */ = {
			isa = PBXTargetDependency;
			target = CE9F0F441EF6B0200060E695 /* ManagedObjectSerializable */;
			targetProxy = CE9F0F501EF6B0200060E695 /* PBXContainerItemProxy */;
		};
/* End PBXTargetDependency section */

/* Begin XCBuildConfiguration section */
		CE9F0F571EF6B0200060E695 /* Debug */ = {
			isa = XCBuildConfiguration;
			buildSettings = {
				ALWAYS_SEARCH_USER_PATHS = NO;
				CLANG_ANALYZER_NONNULL = YES;
				CLANG_ANALYZER_NUMBER_OBJECT_CONVERSION = YES_AGGRESSIVE;
				CLANG_CXX_LANGUAGE_STANDARD = "gnu++0x";
				CLANG_CXX_LIBRARY = "libc++";
				CLANG_ENABLE_MODULES = YES;
				CLANG_ENABLE_OBJC_ARC = YES;
				CLANG_WARN_BOOL_CONVERSION = YES;
				CLANG_WARN_CONSTANT_CONVERSION = YES;
				CLANG_WARN_DIRECT_OBJC_ISA_USAGE = YES_ERROR;
				CLANG_WARN_DOCUMENTATION_COMMENTS = YES;
				CLANG_WARN_EMPTY_BODY = YES;
				CLANG_WARN_ENUM_CONVERSION = YES;
				CLANG_WARN_INFINITE_RECURSION = YES;
				CLANG_WARN_INT_CONVERSION = YES;
				CLANG_WARN_OBJC_ROOT_CLASS = YES_ERROR;
				CLANG_WARN_SUSPICIOUS_MOVE = YES;
				CLANG_WARN_UNREACHABLE_CODE = YES;
				CLANG_WARN__DUPLICATE_METHOD_MATCH = YES;
				"CODE_SIGN_IDENTITY[sdk=iphoneos*]" = "iPhone Developer";
				COPY_PHASE_STRIP = NO;
				CURRENT_PROJECT_VERSION = 1;
				DEBUG_INFORMATION_FORMAT = dwarf;
				ENABLE_STRICT_OBJC_MSGSEND = YES;
				ENABLE_TESTABILITY = YES;
				GCC_C_LANGUAGE_STANDARD = gnu99;
				GCC_DYNAMIC_NO_PIC = NO;
				GCC_NO_COMMON_BLOCKS = YES;
				GCC_OPTIMIZATION_LEVEL = 0;
				GCC_PREPROCESSOR_DEFINITIONS = (
					"DEBUG=1",
					"$(inherited)",
				);
				GCC_WARN_64_TO_32_BIT_CONVERSION = YES;
				GCC_WARN_ABOUT_RETURN_TYPE = YES_ERROR;
				GCC_WARN_UNDECLARED_SELECTOR = YES;
				GCC_WARN_UNINITIALIZED_AUTOS = YES_AGGRESSIVE;
				GCC_WARN_UNUSED_FUNCTION = YES;
				GCC_WARN_UNUSED_VARIABLE = YES;
				IPHONEOS_DEPLOYMENT_TARGET = 10.3;
				MTL_ENABLE_DEBUG_INFO = YES;
				ONLY_ACTIVE_ARCH = YES;
				SDKROOT = iphoneos;
				SWIFT_ACTIVE_COMPILATION_CONDITIONS = DEBUG;
				SWIFT_OPTIMIZATION_LEVEL = "-Onone";
				TARGETED_DEVICE_FAMILY = "1,2";
				VERSIONING_SYSTEM = "apple-generic";
				VERSION_INFO_PREFIX = "";
			};
			name = Debug;
		};
		CE9F0F581EF6B0200060E695 /* Release */ = {
			isa = XCBuildConfiguration;
			buildSettings = {
				ALWAYS_SEARCH_USER_PATHS = NO;
				CLANG_ANALYZER_NONNULL = YES;
				CLANG_ANALYZER_NUMBER_OBJECT_CONVERSION = YES_AGGRESSIVE;
				CLANG_CXX_LANGUAGE_STANDARD = "gnu++0x";
				CLANG_CXX_LIBRARY = "libc++";
				CLANG_ENABLE_MODULES = YES;
				CLANG_ENABLE_OBJC_ARC = YES;
				CLANG_WARN_BOOL_CONVERSION = YES;
				CLANG_WARN_CONSTANT_CONVERSION = YES;
				CLANG_WARN_DIRECT_OBJC_ISA_USAGE = YES_ERROR;
				CLANG_WARN_DOCUMENTATION_COMMENTS = YES;
				CLANG_WARN_EMPTY_BODY = YES;
				CLANG_WARN_ENUM_CONVERSION = YES;
				CLANG_WARN_INFINITE_RECURSION = YES;
				CLANG_WARN_INT_CONVERSION = YES;
				CLANG_WARN_OBJC_ROOT_CLASS = YES_ERROR;
				CLANG_WARN_SUSPICIOUS_MOVE = YES;
				CLANG_WARN_UNREACHABLE_CODE = YES;
				CLANG_WARN__DUPLICATE_METHOD_MATCH = YES;
				"CODE_SIGN_IDENTITY[sdk=iphoneos*]" = "iPhone Developer";
				COPY_PHASE_STRIP = NO;
				CURRENT_PROJECT_VERSION = 1;
				DEBUG_INFORMATION_FORMAT = "dwarf-with-dsym";
				ENABLE_NS_ASSERTIONS = NO;
				ENABLE_STRICT_OBJC_MSGSEND = YES;
				GCC_C_LANGUAGE_STANDARD = gnu99;
				GCC_NO_COMMON_BLOCKS = YES;
				GCC_WARN_64_TO_32_BIT_CONVERSION = YES;
				GCC_WARN_ABOUT_RETURN_TYPE = YES_ERROR;
				GCC_WARN_UNDECLARED_SELECTOR = YES;
				GCC_WARN_UNINITIALIZED_AUTOS = YES_AGGRESSIVE;
				GCC_WARN_UNUSED_FUNCTION = YES;
				GCC_WARN_UNUSED_VARIABLE = YES;
				IPHONEOS_DEPLOYMENT_TARGET = 10.3;
				MTL_ENABLE_DEBUG_INFO = NO;
				SDKROOT = iphoneos;
				SWIFT_OPTIMIZATION_LEVEL = "-Owholemodule";
				TARGETED_DEVICE_FAMILY = "1,2";
				VALIDATE_PRODUCT = YES;
				VERSIONING_SYSTEM = "apple-generic";
				VERSION_INFO_PREFIX = "";
			};
			name = Release;
		};
		CE9F0F5A1EF6B0200060E695 /* Debug */ = {
			isa = XCBuildConfiguration;
			buildSettings = {
				CLANG_ENABLE_MODULES = YES;
				CODE_SIGN_IDENTITY = "";
				DEFINES_MODULE = YES;
				DEVELOPMENT_TEAM = B84DMZ24UN;
				DYLIB_COMPATIBILITY_VERSION = 1;
				DYLIB_CURRENT_VERSION = 1;
				DYLIB_INSTALL_NAME_BASE = "@rpath";
				INFOPLIST_FILE = ManagedObjectSerializable/Info.plist;
				INSTALL_PATH = "$(LOCAL_LIBRARY_DIR)/Frameworks";
				LD_RUNPATH_SEARCH_PATHS = "$(inherited) @executable_path/Frameworks @loader_path/Frameworks";
				PRODUCT_BUNDLE_IDENTIFIER = com.vincenzo.masciarelli.ManagedObjectSerializable;
				PRODUCT_NAME = "$(TARGET_NAME)";
				SKIP_INSTALL = YES;
				SWIFT_OPTIMIZATION_LEVEL = "-Onone";
				SWIFT_VERSION = 3.0;
			};
			name = Debug;
		};
		CE9F0F5B1EF6B0200060E695 /* Release */ = {
			isa = XCBuildConfiguration;
			buildSettings = {
				CLANG_ENABLE_MODULES = YES;
				CODE_SIGN_IDENTITY = "";
				DEFINES_MODULE = YES;
				DEVELOPMENT_TEAM = B84DMZ24UN;
				DYLIB_COMPATIBILITY_VERSION = 1;
				DYLIB_CURRENT_VERSION = 1;
				DYLIB_INSTALL_NAME_BASE = "@rpath";
				INFOPLIST_FILE = ManagedObjectSerializable/Info.plist;
				INSTALL_PATH = "$(LOCAL_LIBRARY_DIR)/Frameworks";
				LD_RUNPATH_SEARCH_PATHS = "$(inherited) @executable_path/Frameworks @loader_path/Frameworks";
				PRODUCT_BUNDLE_IDENTIFIER = com.vincenzo.masciarelli.ManagedObjectSerializable;
				PRODUCT_NAME = "$(TARGET_NAME)";
				SKIP_INSTALL = YES;
				SWIFT_VERSION = 3.0;
			};
			name = Release;
		};
		CE9F0F5D1EF6B0200060E695 /* Debug */ = {
			isa = XCBuildConfiguration;
			buildSettings = {
				ALWAYS_EMBED_SWIFT_STANDARD_LIBRARIES = YES;
				DEVELOPMENT_TEAM = B84DMZ24UN;
				INFOPLIST_FILE = ManagedObjectSerializableTests/Info.plist;
				LD_RUNPATH_SEARCH_PATHS = "$(inherited) @executable_path/Frameworks @loader_path/Frameworks";
				PRODUCT_BUNDLE_IDENTIFIER = com.vincenzo.masciarelli.ManagedObjectSerializableTests;
				PRODUCT_NAME = "$(TARGET_NAME)";
				SWIFT_VERSION = 3.0;
			};
			name = Debug;
		};
		CE9F0F5E1EF6B0200060E695 /* Release */ = {
			isa = XCBuildConfiguration;
			buildSettings = {
				ALWAYS_EMBED_SWIFT_STANDARD_LIBRARIES = YES;
				DEVELOPMENT_TEAM = B84DMZ24UN;
				INFOPLIST_FILE = ManagedObjectSerializableTests/Info.plist;
				LD_RUNPATH_SEARCH_PATHS = "$(inherited) @executable_path/Frameworks @loader_path/Frameworks";
				PRODUCT_BUNDLE_IDENTIFIER = com.vincenzo.masciarelli.ManagedObjectSerializableTests;
				PRODUCT_NAME = "$(TARGET_NAME)";
				SWIFT_VERSION = 3.0;
			};
			name = Release;
		};
/* End XCBuildConfiguration section */

/* Begin XCConfigurationList section */
		CE9F0F3F1EF6B0200060E695 /* Build configuration list for PBXProject "ManagedObjectSerializable" */ = {
			isa = XCConfigurationList;
			buildConfigurations = (
				CE9F0F571EF6B0200060E695 /* Debug */,
				CE9F0F581EF6B0200060E695 /* Release */,
			);
			defaultConfigurationIsVisible = 0;
			defaultConfigurationName = Release;
		};
		CE9F0F591EF6B0200060E695 /* Build configuration list for PBXNativeTarget "ManagedObjectSerializable" */ = {
			isa = XCConfigurationList;
			buildConfigurations = (
				CE9F0F5A1EF6B0200060E695 /* Debug */,
				CE9F0F5B1EF6B0200060E695 /* Release */,
			);
			defaultConfigurationIsVisible = 0;
			defaultConfigurationName = Release;
		};
		CE9F0F5C1EF6B0200060E695 /* Build configuration list for PBXNativeTarget "ManagedObjectSerializableTests" */ = {
			isa = XCConfigurationList;
			buildConfigurations = (
				CE9F0F5D1EF6B0200060E695 /* Debug */,
				CE9F0F5E1EF6B0200060E695 /* Release */,
			);
			defaultConfigurationIsVisible = 0;
			defaultConfigurationName = Release;
		};
/* End XCConfigurationList section */
	};
	rootObject = CE9F0F3C1EF6B0200060E695 /* Project object */;
}
